<?xml version="1.0" encoding="utf-8"?>
<Project ToolsVersion="4.0" xmlns="http://schemas.microsoft.com/developer/msbuild/2003">
  <ItemGroup>
    <Filter Include="Source Files">
      <UniqueIdentifier>{4FC737F1-C7A5-4376-A066-2A32D752A2FF}</UniqueIdentifier>
      <Extensions>cpp;c;cc;cxx;def;odl;idl;hpj;bat;asm;asmx</Extensions>
    </Filter>
    <Filter Include="Header Files">
      <UniqueIdentifier>{93995380-89BD-4b04-88EB-625FBE52EBFB}</UniqueIdentifier>
      <Extensions>h;hh;hpp;hxx;hm;inl;inc;ipp;xsd</Extensions>
    </Filter>
    <Filter Include="Resource Files">
      <UniqueIdentifier>{67DA6AB6-F800-4c08-8B7A-83BB121AAD01}</UniqueIdentifier>
      <Extensions>rc;ico;cur;bmp;dlg;rc2;rct;bin;rgs;gif;jpg;jpeg;jpe;resx;tiff;tif;png;wav;mfcribbon-ms</Extensions>
    </Filter>
    <Filter Include="Header Files\vks">
      <UniqueIdentifier>{bea23156-f04f-45ee-9902-b706399e4f0e}</UniqueIdentifier>
    </Filter>
    <Filter Include="Source Files\vks">
      <UniqueIdentifier>{0ee262af-a644-4ff8-bb46-c34def94fafe}</UniqueIdentifier>
    </Filter>
    <Filter Include="shaders">
      <UniqueIdentifier>{81973bbc-0cd9-469b-9436-a4bf8e6e6491}</UniqueIdentifier>
    </Filter>
    <Filter Include="Header Files\imgui">
      <UniqueIdentifier>{e63737de-6d50-4153-b09b-983463239e64}</UniqueIdentifier>
    </Filter>
    <Filter Include="Source Files\imgui">
      <UniqueIdentifier>{a94b768c-1579-4fd7-b0e2-b7126863ee5e}</UniqueIdentifier>
    </Filter>
    <Filter Include="shaders\scenerendering">
      <UniqueIdentifier>{53319fb8-6da1-44fa-95e1-9e5eb742bcdd}</UniqueIdentifier>
    </Filter>
    <Filter Include="shaders\deferredmulti">
      <UniqueIdentifier>{b05c8669-3195-4f56-b5f9-abb5a7c6427f}</UniqueIdentifier>
    </Filter>
    <Filter Include="Source Files\components">
      <UniqueIdentifier>{34588440-f845-4917-beaf-164ecde64229}</UniqueIdentifier>
    </Filter>
    <Filter Include="Header Files\components">
      <UniqueIdentifier>{a6138d90-99c8-41c6-958d-bcb0a5dbdad8}</UniqueIdentifier>
    </Filter>
    <Filter Include="Content">
      <UniqueIdentifier>{1ec31e9a-9908-4616-9538-191208e1aaaa}</UniqueIdentifier>
    </Filter>
    <Filter Include="Content\levels">
      <UniqueIdentifier>{37c707ef-4469-405b-ac8a-c176bea40af6}</UniqueIdentifier>
    </Filter>
    <Filter Include="Header Files\systems">
      <UniqueIdentifier>{ce565bba-9282-4a62-8692-ef86a0e87878}</UniqueIdentifier>
    </Filter>
    <Filter Include="Source Files\systems">
      <UniqueIdentifier>{7c3c5419-900b-4e3b-a86d-2b8633169aa7}</UniqueIdentifier>
    </Filter>
    <Filter Include="Tools">
      <UniqueIdentifier>{4473a60b-eb18-4533-9fcf-764294a71281}</UniqueIdentifier>
    </Filter>
  </ItemGroup>
  <ItemGroup>
    <ClInclude Include="source\vks\benchmark.hpp">
      <Filter>Header Files\vks</Filter>
    </ClInclude>
    <ClInclude Include="source\vks\camera.hpp">
      <Filter>Header Files\vks</Filter>
    </ClInclude>
    <ClInclude Include="source\vks\keycodes.hpp">
      <Filter>Header Files\vks</Filter>
    </ClInclude>
    <ClInclude Include="source\vks\threadpool.hpp">
      <Filter>Header Files\vks</Filter>
    </ClInclude>
    <ClInclude Include="source\vks\VulkanAndroid.h">
      <Filter>Header Files\vks</Filter>
    </ClInclude>
    <ClInclude Include="source\vks\VulkanBuffer.hpp">
      <Filter>Header Files\vks</Filter>
    </ClInclude>
    <ClInclude Include="source\vks\VulkanDebug.h">
      <Filter>Header Files\vks</Filter>
    </ClInclude>
    <ClInclude Include="source\vks\VulkanDevice.hpp">
      <Filter>Header Files\vks</Filter>
    </ClInclude>
    <ClInclude Include="source\vks\vulkanexamplebase.h">
      <Filter>Header Files\vks</Filter>
    </ClInclude>
    <ClInclude Include="source\vks\VulkanFrameBuffer.hpp">
      <Filter>Header Files\vks</Filter>
    </ClInclude>
    <ClInclude Include="source\vks\VulkanHeightmap.hpp">
      <Filter>Header Files\vks</Filter>
    </ClInclude>
    <ClInclude Include="source\vks\VulkanInitializers.hpp">
      <Filter>Header Files\vks</Filter>
    </ClInclude>
    <ClInclude Include="source\vks\VulkanModel.hpp">
      <Filter>Header Files\vks</Filter>
    </ClInclude>
    <ClInclude Include="source\vks\VulkanSwapChain.hpp">
      <Filter>Header Files\vks</Filter>
    </ClInclude>
    <ClInclude Include="source\vks\VulkanTexture.hpp">
      <Filter>Header Files\vks</Filter>
    </ClInclude>
    <ClInclude Include="source\vks\VulkanTools.h">
      <Filter>Header Files\vks</Filter>
    </ClInclude>
    <ClInclude Include="source\vks\VulkanUIOverlay.h">
      <Filter>Header Files\vks</Filter>
    </ClInclude>
    <ClInclude Include="resource.h">
      <Filter>Header Files</Filter>
    </ClInclude>
    <ClInclude Include="..\external\imgui\stb_textedit.h">
      <Filter>Header Files\imgui</Filter>
    </ClInclude>
    <ClInclude Include="..\external\imgui\stb_truetype.h">
      <Filter>Header Files\imgui</Filter>
    </ClInclude>
    <ClInclude Include="..\external\imgui\imconfig.h">
      <Filter>Header Files\imgui</Filter>
    </ClInclude>
    <ClInclude Include="..\external\imgui\imgui.h">
      <Filter>Header Files\imgui</Filter>
    </ClInclude>
    <ClInclude Include="..\external\imgui\imgui_internal.h">
      <Filter>Header Files\imgui</Filter>
    </ClInclude>
    <ClInclude Include="..\external\imgui\stb_rect_pack.h">
      <Filter>Header Files\imgui</Filter>
    </ClInclude>
    <ClInclude Include="source\UniEngine.h">
      <Filter>Header Files</Filter>
    </ClInclude>
    <ClInclude Include="source\UniModel.h">
      <Filter>Header Files</Filter>
    </ClInclude>
    <ClInclude Include="source\UniScene.h">
      <Filter>Header Files</Filter>
    </ClInclude>
    <ClInclude Include="source\UniSceneObject.h">
      <Filter>Header Files</Filter>
    </ClInclude>
    <ClInclude Include="source\ECS.h">
      <Filter>Header Files</Filter>
    </ClInclude>
    <ClInclude Include="source\Geometry.hpp">
      <Filter>Header Files</Filter>
    </ClInclude>
    <ClInclude Include="source\UniFrustum.hpp">
      <Filter>Header Files</Filter>
    </ClInclude>
    <ClInclude Include="source\vks\frustum.hpp">
      <Filter>Header Files\vks</Filter>
    </ClInclude>
    <ClInclude Include="source\components\Transform.h">
      <Filter>Header Files\components</Filter>
    </ClInclude>
    <ClInclude Include="source\components\Camera.h">
      <Filter>Header Files\components</Filter>
    </ClInclude>
    <ClInclude Include="source\components\Movement.h">
      <Filter>Header Files\components</Filter>
    </ClInclude>
    <ClInclude Include="source\UniInput.h">
      <Filter>Header Files</Filter>
    </ClInclude>
    <ClInclude Include="source\components\PlayerMovement.h">
      <Filter>Header Files\components</Filter>
    </ClInclude>
    <ClInclude Include="source\components\LightComponent.h">
      <Filter>Header Files\components</Filter>
    </ClInclude>
    <ClInclude Include="source\components\UniPlanet.h">
      <Filter>Header Files\components</Filter>
    </ClInclude>
    <ClInclude Include="source\systems\Systems.h">
      <Filter>Header Files\systems</Filter>
    </ClInclude>
    <ClInclude Include="source\systems\PlayerControlSystem.h">
      <Filter>Header Files\systems</Filter>
    </ClInclude>
    <ClInclude Include="source\systems\PlanetRenderSystem.h">
      <Filter>Header Files\systems</Filter>
    </ClInclude>
    <ClInclude Include="source\UniMaterial.h">
      <Filter>Header Files</Filter>
    </ClInclude>
    <ClInclude Include="source\factory.h">
      <Filter>Header Files</Filter>
    </ClInclude>
    <ClInclude Include="source\systems\events.h">
      <Filter>Header Files\systems</Filter>
    </ClInclude>
    <ClInclude Include="source\FastNoise.h">
      <Filter>Header Files</Filter>
    </ClInclude>
  </ItemGroup>
  <ItemGroup>
    <ClCompile Include="source\vks\VulkanAndroid.cpp">
      <Filter>Source Files\vks</Filter>
    </ClCompile>
    <ClCompile Include="source\vks\VulkanDebug.cpp">
      <Filter>Source Files\vks</Filter>
    </ClCompile>
    <ClCompile Include="source\vks\vulkanexamplebase.cpp">
      <Filter>Source Files\vks</Filter>
    </ClCompile>
    <ClCompile Include="source\vks\VulkanTools.cpp">
      <Filter>Source Files\vks</Filter>
    </ClCompile>
    <ClCompile Include="source\vks\VulkanUIOverlay.cpp">
      <Filter>Source Files\vks</Filter>
    </ClCompile>
    <ClCompile Include="..\external\imgui\imgui_draw.cpp">
      <Filter>Source Files\imgui</Filter>
    </ClCompile>
    <ClCompile Include="..\external\imgui\imgui.cpp">
      <Filter>Source Files\imgui</Filter>
    </ClCompile>
    <ClCompile Include="..\external\imgui\imgui_demo.cpp">
      <Filter>Source Files\imgui</Filter>
    </ClCompile>
    <ClCompile Include="main.cpp">
      <Filter>Source Files</Filter>
    </ClCompile>
    <ClCompile Include="source\UniModel.cpp">
      <Filter>Source Files</Filter>
    </ClCompile>
    <ClCompile Include="source\UniScene.cpp">
      <Filter>Source Files</Filter>
    </ClCompile>
    <ClCompile Include="source\UniSceneObject.cpp">
      <Filter>Source Files</Filter>
    </ClCompile>
    <ClCompile Include="source\UniEngine.cpp">
      <Filter>Source Files</Filter>
    </ClCompile>
    <ClCompile Include="source\UniFrustum.cpp">
      <Filter>Source Files</Filter>
    </ClCompile>
    <ClCompile Include="source\components\Transform.cpp">
      <Filter>Source Files\components</Filter>
    </ClCompile>
    <ClCompile Include="source\UniInput.cpp">
      <Filter>Source Files</Filter>
    </ClCompile>
    <ClCompile Include="source\components\Movement.cpp">
      <Filter>Source Files\components</Filter>
    </ClCompile>
    <ClCompile Include="source\components\PlayerMovement.cpp">
      <Filter>Source Files\components</Filter>
    </ClCompile>
    <ClCompile Include="source\components\UniPlanet.cpp">
      <Filter>Source Files\components</Filter>
    </ClCompile>
    <ClCompile Include="source\systems\Systems.cpp">
      <Filter>Source Files\systems</Filter>
    </ClCompile>
    <ClCompile Include="source\systems\PlayerControlSystem.cpp">
      <Filter>Source Files\systems</Filter>
    </ClCompile>
    <ClCompile Include="source\systems\PlanetRenderSystem.cpp">
      <Filter>Source Files\systems</Filter>
    </ClCompile>
    <ClCompile Include="source\UniMaterial.cpp">
      <Filter>Source Files</Filter>
    </ClCompile>
    <ClCompile Include="source\FastNoise.cpp">
      <Filter>Source Files</Filter>
    </ClCompile>
  </ItemGroup>
  <ItemGroup>
    <ResourceCompile Include="UniverseEngine.rc">
      <Filter>Resource Files</Filter>
    </ResourceCompile>
  </ItemGroup>
  <ItemGroup>
    <None Include="data\shaders\scenerendering\scene.frag">
      <Filter>shaders\scenerendering</Filter>
    </None>
    <None Include="data\shaders\scenerendering\scene.vert">
      <Filter>shaders\scenerendering</Filter>
    </None>
    <None Include="data\shaders\deferredmultisampling\debug.frag">
      <Filter>shaders\deferredmulti</Filter>
    </None>
    <None Include="data\shaders\deferredmultisampling\debug.vert">
      <Filter>shaders\deferredmulti</Filter>
    </None>
    <None Include="data\shaders\deferredmultisampling\mrt.frag">
      <Filter>shaders\deferredmulti</Filter>
    </None>
    <None Include="data\shaders\deferredmultisampling\mrt.vert">
      <Filter>shaders\deferredmulti</Filter>
    </None>
    <None Include="data\levels\testlevel2.json">
      <Filter>Content\levels</Filter>
    </None>
    <None Include="data\shaders\compileshaders.py">
      <Filter>Tools</Filter>
    </None>
  </ItemGroup>
  <ItemGroup>
    <Image Include="data\textures\terrain-ramp.png">
      <Filter>Resource Files</Filter>
    </Image>
    <Image Include="data\textures\terrain-ramp.dds">
      <Filter>Resource Files</Filter>
    </Image>
  </ItemGroup>
  <ItemGroup>
    <CustomBuild Include="data\shaders\uniplanet.frag">
      <Filter>shaders</Filter>
    </CustomBuild>
    <CustomBuild Include="data\shaders\uniplanet.vert">
      <Filter>shaders</Filter>
    </CustomBuild>
    <CustomBuild Include="data\shaders\pntriangles.tesc">
      <Filter>shaders</Filter>
    </CustomBuild>
    <CustomBuild Include="data\shaders\pntriangles.tese">
      <Filter>shaders</Filter>
    </CustomBuild>
    <CustomBuild Include="data\shaders\deferredmultisampling\deferred.frag">
      <Filter>shaders\deferredmulti</Filter>
    </CustomBuild>
    <CustomBuild Include="data\shaders\deferredmultisampling\deferred.vert">
      <Filter>shaders\deferredmulti</Filter>
    </CustomBuild>
    <CustomBuild Include="data\shaders\noise.glsl">
      <Filter>shaders</Filter>
    </CustomBuild>
    <CustomBuild Include="data\shaders\uniocean.frag">
      <Filter>shaders</Filter>
    </CustomBuild>
    <CustomBuild Include="data\shaders\uniocean.vert">
      <Filter>shaders</Filter>
    </CustomBuild>
    <CustomBuild Include="data\shaders\uniplanet.tesc">
      <Filter>shaders</Filter>
    </CustomBuild>
    <CustomBuild Include="data\shaders\uniplanet.tese">
      <Filter>shaders</Filter>
    </CustomBuild>
    <CustomBuild Include="data\shaders\uniocean.tesc">
      <Filter>shaders</Filter>
    </CustomBuild>
    <CustomBuild Include="data\shaders\uniocean.tese">
      <Filter>shaders</Filter>
    </CustomBuild>
  </ItemGroup>
  <ItemGroup>
    <Text Include="data\levels\testlevel.json">
      <Filter>Content\levels</Filter>
    </Text>
  </ItemGroup>
</Project>